// !$*UTF8*$!
{
	archiveVersion = 1;
	classes = {
	};
	objectVersion = 46;
	objects = {

/* Begin PBXBuildFile section */
		ADE7AC5319C0C58500BA0B13 /* AppDelegate.swift in Sources */ = {isa = PBXBuildFile; fileRef = ADE7AC5219C0C58500BA0B13 /* AppDelegate.swift */; };
		ADE7AC5519C0C58500BA0B13 /* ViewController.swift in Sources */ = {isa = PBXBuildFile; fileRef = ADE7AC5419C0C58500BA0B13 /* ViewController.swift */; };
		ADE7AC5819C0C58500BA0B13 /* Main.storyboard in Resources */ = {isa = PBXBuildFile; fileRef = ADE7AC5619C0C58500BA0B13 /* Main.storyboard */; };
		ADE7AC5A19C0C58500BA0B13 /* Images.xcassets in Resources */ = {isa = PBXBuildFile; fileRef = ADE7AC5919C0C58500BA0B13 /* Images.xcassets */; };
		ADE7AC5D19C0C58500BA0B13 /* LaunchScreen.xib in Resources */ = {isa = PBXBuildFile; fileRef = ADE7AC5B19C0C58500BA0B13 /* LaunchScreen.xib */; };
		ADE7AC6919C0C58500BA0B13 /* PostcardTests.swift in Sources */ = {isa = PBXBuildFile; fileRef = ADE7AC6819C0C58500BA0B13 /* PostcardTests.swift */; };
/* End PBXBuildFile section */

/* Begin PBXContainerItemProxy section */
		ADE7AC6319C0C58500BA0B13 /* PBXContainerItemProxy */ = {
			isa = PBXContainerItemProxy;
			containerPortal = ADE7AC4519C0C58500BA0B13 /* Project object */;
			proxyType = 1;
			remoteGlobalIDString = ADE7AC4C19C0C58500BA0B13;
			remoteInfo = Postcard;
		};
/* End PBXContainerItemProxy section */

/* Begin PBXFileReference section */
		ADE7AC4D19C0C58500BA0B13 /* Postcard.app */ = {isa = PBXFileReference; explicitFileType = wrapper.application; includeInIndex = 0; path = Postcard.app; sourceTree = BUILT_PRODUCTS_DIR; };
		ADE7AC5119C0C58500BA0B13 /* Info.plist */ = {isa = PBXFileReference; lastKnownFileType = text.plist.xml; path = Info.plist; sourceTree = "<group>"; };
		ADE7AC5219C0C58500BA0B13 /* AppDelegate.swift */ = {isa = PBXFileReference; lastKnownFileType = sourcecode.swift; path = AppDelegate.swift; sourceTree = "<group>"; };
		ADE7AC5419C0C58500BA0B13 /* ViewController.swift */ = {isa = PBXFileReference; lastKnownFileType = sourcecode.swift; path = ViewController.swift; sourceTree = "<group>"; };
		ADE7AC5719C0C58500BA0B13 /* Base */ = {isa = PBXFileReference; lastKnownFileType = file.storyboard; name = Base; path = Base.lproj/Main.storyboard; sourceTree = "<group>"; };
		ADE7AC5919C0C58500BA0B13 /* Images.xcassets */ = {isa = PBXFileReference; lastKnownFileType = folder.assetcatalog; path = Images.xcassets; sourceTree = "<group>"; };
		ADE7AC5C19C0C58500BA0B13 /* Base */ = {isa = PBXFileReference; lastKnownFileType = file.xib; name = Base; path = Base.lproj/LaunchScreen.xib; sourceTree = "<group>"; };
		ADE7AC6219C0C58500BA0B13 /* PostcardTests.xctest */ = {isa = PBXFileReference; explicitFileType = wrapper.cfbundle; includeInIndex = 0; path = PostcardTests.xctest; sourceTree = BUILT_PRODUCTS_DIR; };
		ADE7AC6719C0C58500BA0B13 /* Info.plist */ = {isa = PBXFileReference; lastKnownFileType = text.plist.xml; path = Info.plist; sourceTree = "<group>"; };
		ADE7AC6819C0C58500BA0B13 /* PostcardTests.swift */ = {isa = PBXFileReference; lastKnownFileType = sourcecode.swift; path = PostcardTests.swift; sourceTree = "<group>"; };
/* End PBXFileReference section */

/* Begin PBXFrameworksBuildPhase section */
		ADE7AC4A19C0C58500BA0B13 /* Frameworks */ = {
			isa = PBXFrameworksBuildPhase;
			buildActionMask = 2147483647;
			files = (
			);
			runOnlyForDeploymentPostprocessing = 0;
		};
		ADE7AC5F19C0C58500BA0B13 /* Frameworks */ = {
			isa = PBXFrameworksBuildPhase;
			buildActionMask = 2147483647;
			files = (
			);
			runOnlyForDeploymentPostprocessing = 0;
		};
/* End PBXFrameworksBuildPhase section */

/* Begin PBXGroup section */
		ADE7AC4419C0C58500BA0B13 = {
			isa = PBXGroup;
			children = (
				ADE7AC4F19C0C58500BA0B13 /* Postcard */,
				ADE7AC6519C0C58500BA0B13 /* PostcardTests */,
				ADE7AC4E19C0C58500BA0B13 /* Products */,
			);
			sourceTree = "<group>";
		};
		ADE7AC4E19C0C58500BA0B13 /* Products */ = {
			isa = PBXGroup;
			children = (
				ADE7AC4D19C0C58500BA0B13 /* Postcard.app */,
				ADE7AC6219C0C58500BA0B13 /* PostcardTests.xctest */,
			);
			name = Products;
			sourceTree = "<group>";
		};
		ADE7AC4F19C0C58500BA0B13 /* Postcard */ = {
			isa = PBXGroup;
			children = (
				ADE7AC5219C0C58500BA0B13 /* AppDelegate.swift */,
				ADE7AC5419C0C58500BA0B13 /* ViewController.swift */,
				ADE7AC5619C0C58500BA0B13 /* Main.storyboard */,
				ADE7AC5919C0C58500BA0B13 /* Images.xcassets */,
				ADE7AC5B19C0C58500BA0B13 /* LaunchScreen.xib */,
				ADE7AC5019C0C58500BA0B13 /* Supporting Files */,
			);
			path = Postcard;
			sourceTree = "<group>";
		};
		ADE7AC5019C0C58500BA0B13 /* Supporting Files */ = {
			isa = PBXGroup;
			children = (
				ADE7AC5119C0C58500BA0B13 /* Info.plist */,
			);
			name = "Supporting Files";
			sourceTree = "<group>";
		};
		ADE7AC6519C0C58500BA0B13 /* PostcardTests */ = {
			isa = PBXGroup;
			children = (
				ADE7AC6819C0C58500BA0B13 /* PostcardTests.swift */,
				ADE7AC6619C0C58500BA0B13 /* Supporting Files */,
			);
			path = PostcardTests;
			sourceTree = "<group>";
		};
		ADE7AC6619C0C58500BA0B13 /* Supporting Files */ = {
			isa = PBXGroup;
			children = (
				ADE7AC6719C0C58500BA0B13 /* Info.plist */,
			);
			name = "Supporting Files";
			sourceTree = "<group>";
		};
/* End PBXGroup section */

/* Begin PBXNativeTarget section */
		ADE7AC4C19C0C58500BA0B13 /* Postcard */ = {
			isa = PBXNativeTarget;
			buildConfigurationList = ADE7AC6C19C0C58500BA0B13 /* Build configuration list for PBXNativeTarget "Postcard" */;
			buildPhases = (
				ADE7AC4919C0C58500BA0B13 /* Sources */,
				ADE7AC4A19C0C58500BA0B13 /* Frameworks */,
				ADE7AC4B19C0C58500BA0B13 /* Resources */,
			);
			buildRules = (
			);
			dependencies = (
			);
			name = Postcard;
			productName = Postcard;
			productReference = ADE7AC4D19C0C58500BA0B13 /* Postcard.app */;
			productType = "com.apple.product-type.application";
		};
		ADE7AC6119C0C58500BA0B13 /* PostcardTests */ = {
			isa = PBXNativeTarget;
			buildConfigurationList = ADE7AC6F19C0C58500BA0B13 /* Build configuration list for PBXNativeTarget "PostcardTests" */;
			buildPhases = (
				ADE7AC5E19C0C58500BA0B13 /* Sources */,
				ADE7AC5F19C0C58500BA0B13 /* Frameworks */,
				ADE7AC6019C0C58500BA0B13 /* Resources */,
			);
			buildRules = (
			);
			dependencies = (
				ADE7AC6419C0C58500BA0B13 /* PBXTargetDependency */,
			);
			name = PostcardTests;
			productName = PostcardTests;
			productReference = ADE7AC6219C0C58500BA0B13 /* PostcardTests.xctest */;
			productType = "com.apple.product-type.bundle.unit-test";
		};
/* End PBXNativeTarget section */

/* Begin PBXProject section */
		ADE7AC4519C0C58500BA0B13 /* Project object */ = {
			isa = PBXProject;
			attributes = {
				LastUpgradeCheck = 0600;
				ORGANIZATIONNAME = "Hector Ochoa";
				TargetAttributes = {
					ADE7AC4C19C0C58500BA0B13 = {
						CreatedOnToolsVersion = 6.0;
					};
					ADE7AC6119C0C58500BA0B13 = {
						CreatedOnToolsVersion = 6.0;
						TestTargetID = ADE7AC4C19C0C58500BA0B13;
					};
				};
			};
			buildConfigurationList = ADE7AC4819C0C58500BA0B13 /* Build configuration list for PBXProject "Postcard" */;
			compatibilityVersion = "Xcode 3.2";
			developmentRegion = English;
			hasScannedForEncodings = 0;
			knownRegions = (
				en,
				Base,
			);
			mainGroup = ADE7AC4419C0C58500BA0B13;
			productRefGroup = ADE7AC4E19C0C58500BA0B13 /* Products */;
			projectDirPath = "";
			projectRoot = "";
			targets = (
				ADE7AC4C19C0C58500BA0B13 /* Postcard */,
				ADE7AC6119C0C58500BA0B13 /* PostcardTests */,
			);
		};
/* End PBXProject section */

/* Begin PBXResourcesBuildPhase section */
		ADE7AC4B19C0C58500BA0B13 /* Resources */ = {
			isa = PBXResourcesBuildPhase;
			buildActionMask = 2147483647;
			files = (
				ADE7AC5819C0C58500BA0B13 /* Main.storyboard in Resources */,
				ADE7AC5D19C0C58500BA0B13 /* LaunchScreen.xib in Resources */,
				ADE7AC5A19C0C58500BA0B13 /* Images.xcassets in Resources */,
			);
			runOnlyForDeploymentPostprocessing = 0;
		};
		ADE7AC6019C0C58500BA0B13 /* Resources */ = {
			isa = PBXResourcesBuildPhase;
			buildActionMask = 2147483647;
			files = (
			);
			runOnlyForDeploymentPostprocessing = 0;
		};
/* End PBXResourcesBuildPhase section */

/* Begin PBXSourcesBuildPhase section */
		ADE7AC4919C0C58500BA0B13 /* Sources */ = {
			isa = PBXSourcesBuildPhase;
			buildActionMask = 2147483647;
			files = (
				ADE7AC5519C0C58500BA0B13 /* ViewController.swift in Sources */,
				ADE7AC5319C0C58500BA0B13 /* AppDelegate.swift in Sources */,
			);
			runOnlyForDeploymentPostprocessing = 0;
		};
		ADE7AC5E19C0C58500BA0B13 /* Sources */ = {
			isa = PBXSourcesBuildPhase;
			buildActionMask = 2147483647;
			files = (
				ADE7AC6919C0C58500BA0B13 /* PostcardTests.swift in Sources */,
			);
			runOnlyForDeploymentPostprocessing = 0;
		};
/* End PBXSourcesBuildPhase section */

/* Begin PBXTargetDependency section */
		ADE7AC6419C0C58500BA0B13 /* PBXTargetDependency */ = {
			isa = PBXTargetDependency;
			target = ADE7AC4C19C0C58500BA0B13 /* Postcard */;
			targetProxy = ADE7AC6319C0C58500BA0B13 /* PBXContainerItemProxy */;
		};
/* End PBXTargetDependency section */

/* Begin PBXVariantGroup section */
		ADE7AC5619C0C58500BA0B13 /* Main.storyboard */ = {
			isa = PBXVariantGroup;
			children = (
				ADE7AC5719C0C58500BA0B13 /* Base */,
			);
			name = Main.storyboard;
			sourceTree = "<group>";
		};
		ADE7AC5B19C0C58500BA0B13 /* LaunchScreen.xib */ = {
			isa = PBXVariantGroup;
			children = (
				ADE7AC5C19C0C58500BA0B13 /* Base */,
			);
			name = LaunchScreen.xib;
			sourceTree = "<group>";
		};
/* End PBXVariantGroup section */

/* Begin XCBuildConfiguration section */
		ADE7AC6A19C0C58500BA0B13 /* Debug */ = {
			isa = XCBuildConfiguration;
			buildSettings = {
				ALWAYS_SEARCH_USER_PATHS = NO;
				CLANG_CXX_LANGUAGE_STANDARD = "gnu++0x";
				CLANG_CXX_LIBRARY = "libc++";
				CLANG_ENABLE_MODULES = YES;
				CLANG_ENABLE_OBJC_ARC = YES;
				CLANG_WARN_BOOL_CONVERSION = YES;
				CLANG_WARN_CONSTANT_CONVERSION = YES;
				CLANG_WARN_DIRECT_OBJC_ISA_USAGE = YES_ERROR;
				CLANG_WARN_EMPTY_BODY = YES;
				CLANG_WARN_ENUM_CONVERSION = YES;
				CLANG_WARN_INT_CONVERSION = YES;
				CLANG_WARN_OBJC_ROOT_CLASS = YES_ERROR;
				CLANG_WARN_UNREACHABLE_CODE = YES;
				CLANG_WARN__DUPLICATE_METHOD_MATCH = YES;
				"CODE_SIGN_IDENTITY[sdk=iphoneos*]" = "iPhone Developer";
				COPY_PHASE_STRIP = NO;
				ENABLE_STRICT_OBJC_MSGSEND = YES;
				GCC_C_LANGUAGE_STANDARD = gnu99;
				GCC_DYNAMIC_NO_PIC = NO;
				GCC_OPTIMIZATION_LEVEL = 0;
				GCC_PREPROCESSOR_DEFINITIONS = (
					"DEBUG=1",
					"$(inherited)",
				);
				GCC_SYMBOLS_PRIVATE_EXTERN = NO;
				GCC_WARN_64_TO_32_BIT_CONVERSION = YES;
				GCC_WARN_ABOUT_RETURN_TYPE = YES_ERROR;
				GCC_WARN_UNDECLARED_SELECTOR = YES;
				GCC_WARN_UNINITIALIZED_AUTOS = YES_AGGRESSIVE;
				GCC_WARN_UNUSED_FUNCTION = YES;
				GCC_WARN_UNUSED_VARIABLE = YES;
				IPHONEOS_DEPLOYMENT_TARGET = 8.0;
				MTL_ENABLE_DEBUG_INFO = YES;
				ONLY_ACTIVE_ARCH = YES;
				SDKROOT = iphoneos;
				SWIFT_OPTIMIZATION_LEVEL = "-Onone";
			};
			name = Debug;
		};
		ADE7AC6B19C0C58500BA0B13 /* Release */ = {
			isa = XCBuildConfiguration;
			buildSettings = {
				ALWAYS_SEARCH_USER_PATHS = NO;
				CLANG_CXX_LANGUAGE_STANDARD = "gnu++0x";
				CLANG_CXX_LIBRARY = "libc++";
				CLANG_ENABLE_MODULES = YES;
				CLANG_ENABLE_OBJC_ARC = YES;
				CLANG_WARN_BOOL_CONVERSION = YES;
				CLANG_WARN_CONSTANT_CONVERSION = YES;
				CLANG_WARN_DIRECT_OBJC_ISA_USAGE = YES_ERROR;
				CLANG_WARN_EMPTY_BODY = YES;
				CLANG_WARN_ENUM_CONVERSION = YES;
				CLANG_WARN_INT_CONVERSION = YES;
				CLANG_WARN_OBJC_ROOT_CLASS = YES_ERROR;
				CLANG_WARN_UNREACHABLE_CODE = YES;
				CLANG_WARN__DUPLICATE_METHOD_MATCH = YES;
				"CODE_SIGN_IDENTITY[sdk=iphoneos*]" = "iPhone Developer";
				COPY_PHASE_STRIP = YES;
				ENABLE_NS_ASSERTIONS = NO;
				ENABLE_STRICT_OBJC_MSGSEND = YES;
				GCC_C_LANGUAGE_STANDARD = gnu99;
				GCC_WARN_64_TO_32_BIT_CONVERSION = YES;
				GCC_WARN_ABOUT_RETURN_TYPE = YES_ERROR;
				GCC_WARN_UNDECLARED_SELECTOR = YES;
				GCC_WARN_UNINITIALIZED_AUTOS = YES_AGGRESSIVE;
				GCC_WARN_UNUSED_FUNCTION = YES;
				GCC_WARN_UNUSED_VARIABLE = YES;
				IPHONEOS_DEPLOYMENT_TARGET = 8.0;
				MTL_ENABLE_DEBUG_INFO = NO;
				SDKROOT = iphoneos;
				VALIDATE_PRODUCT = YES;
			};
			name = Release;
		};
		ADE7AC6D19C0C58500BA0B13 /* Debug */ = {
			isa = XCBuildConfiguration;
			buildSettings = {
				ASSETCATALOG_COMPILER_APPICON_NAME = AppIcon;
				INFOPLIST_FILE = Postcard/Info.plist;
				LD_RUNPATH_SEARCH_PATHS = "$(inherited) @executable_path/Frameworks";
				PRODUCT_NAME = "$(TARGET_NAME)";
			};
			name = Debug;
		};
		ADE7AC6E19C0C58500BA0B13 /* Release */ = {
			isa = XCBuildConfiguration;
			buildSettings = {
				ASSETCATALOG_COMPILER_APPICON_NAME = AppIcon;
				INFOPLIST_FILE = Postcard/Info.plist;
				LD_RUNPATH_SEARCH_PATHS = "$(inherited) @executable_path/Frameworks";
				PRODUCT_NAME = "$(TARGET_NAME)";
			};
			name = Release;
		};
		ADE7AC7019C0C58500BA0B13 /* Debug */ = {
			isa = XCBuildConfiguration;
			buildSettings = {
				BUNDLE_LOADER = "$(TEST_HOST)";
				FRAMEWORK_SEARCH_PATHS = (
					"$(SDKROOT)/Developer/Library/Frameworks",
					"$(inherited)",
				);
				GCC_PREPROCESSOR_DEFINITIONS = (
					"DEBUG=1",
					"$(inherited)",
				);
				INFOPLIST_FILE = PostcardTests/Info.plist;
				LD_RUNPATH_SEARCH_PATHS = "$(inherited) @executable_path/Frameworks @loader_path/Frameworks";
				PRODUCT_NAME = "$(TARGET_NAME)";
				TEST_HOST = "$(BUILT_PRODUCTS_DIR)/Postcard.app/Postcard";
			};
			name = Debug;
		};
		ADE7AC7119C0C58500BA0B13 /* Release */ = {
			isa = XCBuildConfiguration;
			buildSettings = {
				BUNDLE_LOADER = "$(TEST_HOST)";
				FRAMEWORK_SEARCH_PATHS = (
					"$(SDKROOT)/Developer/Library/Frameworks",
					"$(inherited)",
				);
				INFOPLIST_FILE = PostcardTests/Info.plist;
				LD_RUNPATH_SEARCH_PATHS = "$(inherited) @executable_path/Frameworks @loader_path/Frameworks";
				PRODUCT_NAME = "$(TARGET_NAME)";
				TEST_HOST = "$(BUILT_PRODUCTS_DIR)/Postcard.app/Postcard";
			};
			name = Release;
		};
/* End XCBuildConfiguration section */

/* Begin XCConfigurationList section */
		ADE7AC4819C0C58500BA0B13 /* Build configuration list for PBXProject "Postcard" */ = {
			isa = XCConfigurationList;
			buildConfigurations = (
				ADE7AC6A19C0C58500BA0B13 /* Debug */,
				ADE7AC6B19C0C58500BA0B13 /* Release */,
			);
			defaultConfigurationIsVisible = 0;
			defaultConfigurationName = Release;
		};
		ADE7AC6C19C0C58500BA0B13 /* Build configuration list for PBXNativeTarget "Postcard" */ = {
			isa = XCConfigurationList;
			buildConfigurations = (
				ADE7AC6D19C0C58500BA0B13 /* Debug */,
				ADE7AC6E19C0C58500BA0B13 /* Release */,
			);
			defaultConfigurationIsVisible = 0;
		};
		ADE7AC6F19C0C58500BA0B13 /* Build configuration list for PBXNativeTarget "PostcardTests" */ = {
			isa = XCConfigurationList;
			buildConfigurations = (
				ADE7AC7019C0C58500BA0B13 /* Debug */,
				ADE7AC7119C0C58500BA0B13 /* Release */,
			);
			defaultConfigurationIsVisible = 0;
		};
/* End XCConfigurationList section */
	};
	rootObject = ADE7AC4519C0C58500BA0B13 /* Project object */;
}
